
Microsoft Visual Studio Solution File, Format Version 12.00
# Visual Studio Version 16
VisualStudioVersion = 16.0.30717.126
MinimumVisualStudioVersion = 10.0.40219.1
Project("{FAE04EC0-301F-11D3-BF4B-00C04F79EFBC}") = "FamilyTreeManager", "FamilyTreeManager\FamilyTreeManager.csproj", "{674049BC-BCCB-466F-98B0-8DAB36146570}"
EndProject
Project("{9A19103F-16F7-4668-BE54-9A1E7A4F7556}") = "Inputs", "Input\Inputs.csproj", "{2EBB59FD-16C6-43D8-953C-C36F4F85BC02}"
EndProject
Global
	GlobalSection(SolutionConfigurationPlatforms) = preSolution
		Debug|Any CPU = Debug|Any CPU
		Release|Any CPU = Release|Any CPU
	EndGlobalSection
	GlobalSection(ProjectConfigurationPlatforms) = postSolution
		{674049BC-BCCB-466F-98B0-8DAB36146570}.Debug|Any CPU.ActiveCfg = Debug|Any CPU
		{674049BC-BCCB-466F-98B0-8DAB36146570}.Debug|Any CPU.Build.0 = Debug|Any CPU
		{674049BC-BCCB-466F-98B0-8DAB36146570}.Release|Any CPU.ActiveCfg = Release|Any CPU
		{674049BC-BCCB-466F-98B0-8DAB36146570}.Release|Any CPU.Build.0 = Release|Any CPU
		{2EBB59FD-16C6-43D8-953C-C36F4F85BC02}.Debug|Any CPU.ActiveCfg = Debug|Any CPU
		{2EBB59FD-16C6-43D8-953C-C36F4F85BC02}.Debug|Any CPU.Build.0 = Debug|Any CPU
		{2EBB59FD-16C6-43D8-953C-C36F4F85BC02}.Release|Any CPU.ActiveCfg = Release|Any CPU
		{2EBB59FD-16C6-43D8-953C-C36F4F85BC02}.Release|Any CPU.Build.0 = Release|Any CPU
	EndGlobalSection
	GlobalSection(SolutionProperties) = preSolution
		HideSolutionNode = FALSE
	EndGlobalSection
	GlobalSection(ExtensibilityGlobals) = postSolution
		SolutionGuid = {3FDF50EB-571E-46ED-8358-612CC955E54B}
	EndGlobalSection
EndGlobal
